// !$*UTF8*$!
{
	archiveVersion = 1;
	classes = {
	};
	objectVersion = 46;
	objects = {

/* Begin PBXBuildFile section */
		846432171DCBDE7F0099C9F1 /* main.cpp in Sources */ = {isa = PBXBuildFile; fileRef = 846432161DCBDE7F0099C9F1 /* main.cpp */; };
/* End PBXBuildFile section */

/* Begin PBXCopyFilesBuildPhase section */
		846432111DCBDE7F0099C9F1 /* CopyFiles */ = {
			isa = PBXCopyFilesBuildPhase;
			buildActionMask = 2147483647;
			dstPath = /usr/share/man/man1/;
			dstSubfolderSpec = 0;
			files = (
			);
			runOnlyForDeploymentPostprocessing = 1;
		};
/* End PBXCopyFilesBuildPhase section */

/* Begin PBXFileReference section */
		846432131DCBDE7F0099C9F1 /* 615 project */ = {isa = PBXFileReference; explicitFileType = "compiled.mach-o.executable"; includeInIndex = 0; path = "615 project"; sourceTree = BUILT_PRODUCTS_DIR; };
		846432161DCBDE7F0099C9F1 /* main.cpp */ = {isa = PBXFileReference; lastKnownFileType = sourcecode.cpp.cpp; path = main.cpp; sourceTree = "<group>"; };
		97863C741DD528F700AFED2B /* univLogReg.h */ = {isa = PBXFileReference; lastKnownFileType = sourcecode.c.h; path = univLogReg.h; sourceTree = "<group>"; };
		97863C751DD5291800AFED2B /* adaboost.h */ = {isa = PBXFileReference; lastKnownFileType = sourcecode.c.h; path = adaboost.h; sourceTree = "<group>"; };
/* End PBXFileReference section */

/* Begin PBXFrameworksBuildPhase section */
		846432101DCBDE7F0099C9F1 /* Frameworks */ = {
			isa = PBXFrameworksBuildPhase;
			buildActionMask = 2147483647;
			files = (
			);
			runOnlyForDeploymentPostprocessing = 0;
		};
/* End PBXFrameworksBuildPhase section */

/* Begin PBXGroup section */
		8464320A1DCBDE7F0099C9F1 = {
			isa = PBXGroup;
			children = (
				846432151DCBDE7F0099C9F1 /* 615 project */,
				846432141DCBDE7F0099C9F1 /* Products */,
			);
			sourceTree = "<group>";
		};
		846432141DCBDE7F0099C9F1 /* Products */ = {
			isa = PBXGroup;
			children = (
				846432131DCBDE7F0099C9F1 /* 615 project */,
			);
			name = Products;
			sourceTree = "<group>";
		};
		846432151DCBDE7F0099C9F1 /* 615 project */ = {
			isa = PBXGroup;
			children = (
				846432161DCBDE7F0099C9F1 /* main.cpp */,
				97863C741DD528F700AFED2B /* univLogReg.h */,
				97863C751DD5291800AFED2B /* adaboost.h */,
			);
			path = "615 project";
			sourceTree = "<group>";
		};
/* End PBXGroup section */

/* Begin PBXNativeTarget section */
		846432121DCBDE7F0099C9F1 /* 615 project */ = {
			isa = PBXNativeTarget;
			buildConfigurationList = 8464321A1DCBDE7F0099C9F1 /* Build configuration list for PBXNativeTarget "615 project" */;
			buildPhases = (
				8464320F1DCBDE7F0099C9F1 /* Sources */,
				846432101DCBDE7F0099C9F1 /* Frameworks */,
				846432111DCBDE7F0099C9F1 /* CopyFiles */,
			);
			buildRules = (
			);
			dependencies = (
			);
			name = "615 project";
			productName = "615 project";
			productReference = 846432131DCBDE7F0099C9F1 /* 615 project */;
			productType = "com.apple.product-type.tool";
		};
/* End PBXNativeTarget section */

/* Begin PBXProject section */
		8464320B1DCBDE7F0099C9F1 /* Project object */ = {
			isa = PBXProject;
			attributes = {
				LastUpgradeCheck = 0810;
				ORGANIZATIONNAME = "Nina Zhou";
				TargetAttributes = {
					846432121DCBDE7F0099C9F1 = {
						CreatedOnToolsVersion = 8.1;
						ProvisioningStyle = Automatic;
					};
				};
			};
			buildConfigurationList = 8464320E1DCBDE7F0099C9F1 /* Build configuration list for PBXProject "615 project" */;
			compatibilityVersion = "Xcode 3.2";
			developmentRegion = English;
			hasScannedForEncodings = 0;
			knownRegions = (
				en,
			);
			mainGroup = 8464320A1DCBDE7F0099C9F1;
			productRefGroup = 846432141DCBDE7F0099C9F1 /* Products */;
			projectDirPath = "";
			projectRoot = "";
			targets = (
				846432121DCBDE7F0099C9F1 /* 615 project */,
			);
		};
/* End PBXProject section */

/* Begin PBXSourcesBuildPhase section */
		8464320F1DCBDE7F0099C9F1 /* Sources */ = {
			isa = PBXSourcesBuildPhase;
			buildActionMask = 2147483647;
			files = (
				846432171DCBDE7F0099C9F1 /* main.cpp in Sources */,
			);
			runOnlyForDeploymentPostprocessing = 0;
		};
/* End PBXSourcesBuildPhase section */

/* Begin XCBuildConfiguration section */
		846432181DCBDE7F0099C9F1 /* Debug */ = {
			isa = XCBuildConfiguration;
			buildSettings = {
				ALWAYS_SEARCH_USER_PATHS = NO;
				CLANG_ANALYZER_NONNULL = YES;
				CLANG_CXX_LANGUAGE_STANDARD = "gnu++0x";
				CLANG_CXX_LIBRARY = "libc++";
				CLANG_ENABLE_MODULES = YES;
				CLANG_ENABLE_OBJC_ARC = YES;
				CLANG_WARN_BOOL_CONVERSION = YES;
				CLANG_WARN_CONSTANT_CONVERSION = YES;
				CLANG_WARN_DIRECT_OBJC_ISA_USAGE = YES_ERROR;
				CLANG_WARN_DOCUMENTATION_COMMENTS = YES;
				CLANG_WARN_EMPTY_BODY = YES;
				CLANG_WARN_ENUM_CONVERSION = YES;
				CLANG_WARN_INFINITE_RECURSION = YES;
				CLANG_WARN_INT_CONVERSION = YES;
				CLANG_WARN_OBJC_ROOT_CLASS = YES_ERROR;
				CLANG_WARN_SUSPICIOUS_MOVES = YES;
				CLANG_WARN_UNREACHABLE_CODE = YES;
				CLANG_WARN__DUPLICATE_METHOD_MATCH = YES;
				CODE_SIGN_IDENTITY = "-";
				COPY_PHASE_STRIP = NO;
				DEBUG_INFORMATION_FORMAT = dwarf;
				ENABLE_STRICT_OBJC_MSGSEND = YES;
				ENABLE_TESTABILITY = YES;
				GCC_C_LANGUAGE_STANDARD = gnu99;
				GCC_DYNAMIC_NO_PIC = NO;
				GCC_NO_COMMON_BLOCKS = YES;
				GCC_OPTIMIZATION_LEVEL = 0;
				GCC_PREPROCESSOR_DEFINITIONS = (
					"DEBUG=1",
					"$(inherited)",
				);
				GCC_WARN_64_TO_32_BIT_CONVERSION = YES;
				GCC_WARN_ABOUT_RETURN_TYPE = YES_ERROR;
				GCC_WARN_UNDECLARED_SELECTOR = YES;
				GCC_WARN_UNINITIALIZED_AUTOS = YES_AGGRESSIVE;
				GCC_WARN_UNUSED_FUNCTION = YES;
				GCC_WARN_UNUSED_VARIABLE = YES;
				MACOSX_DEPLOYMENT_TARGET = 10.12;
				MTL_ENABLE_DEBUG_INFO = YES;
				ONLY_ACTIVE_ARCH = YES;
				SDKROOT = macosx;
			};
			name = Debug;
		};
		846432191DCBDE7F0099C9F1 /* Release */ = {
			isa = XCBuildConfiguration;
			buildSettings = {
				ALWAYS_SEARCH_USER_PATHS = NO;
				CLANG_ANALYZER_NONNULL = YES;
				CLANG_CXX_LANGUAGE_STANDARD = "gnu++0x";
				CLANG_CXX_LIBRARY = "libc++";
				CLANG_ENABLE_MODULES = YES;
				CLANG_ENABLE_OBJC_ARC = YES;
				CLANG_WARN_BOOL_CONVERSION = YES;
				CLANG_WARN_CONSTANT_CONVERSION = YES;
				CLANG_WARN_DIRECT_OBJC_ISA_USAGE = YES_ERROR;
				CLANG_WARN_DOCUMENTATION_COMMENTS = YES;
				CLANG_WARN_EMPTY_BODY = YES;
				CLANG_WARN_ENUM_CONVERSION = YES;
				CLANG_WARN_INFINITE_RECURSION = YES;
				CLANG_WARN_INT_CONVERSION = YES;
				CLANG_WARN_OBJC_ROOT_CLASS = YES_ERROR;
				CLANG_WARN_SUSPICIOUS_MOVES = YES;
				CLANG_WARN_UNREACHABLE_CODE = YES;
				CLANG_WARN__DUPLICATE_METHOD_MATCH = YES;
				CODE_SIGN_IDENTITY = "-";
				COPY_PHASE_STRIP = NO;
				DEBUG_INFORMATION_FORMAT = "dwarf-with-dsym";
				ENABLE_NS_ASSERTIONS = NO;
				ENABLE_STRICT_OBJC_MSGSEND = YES;
				GCC_C_LANGUAGE_STANDARD = gnu99;
				GCC_NO_COMMON_BLOCKS = YES;
				GCC_WARN_64_TO_32_BIT_CONVERSION = YES;
				GCC_WARN_ABOUT_RETURN_TYPE = YES_ERROR;
				GCC_WARN_UNDECLARED_SELECTOR = YES;
				GCC_WARN_UNINITIALIZED_AUTOS = YES_AGGRESSIVE;
				GCC_WARN_UNUSED_FUNCTION = YES;
				GCC_WARN_UNUSED_VARIABLE = YES;
				MACOSX_DEPLOYMENT_TARGET = 10.12;
				MTL_ENABLE_DEBUG_INFO = NO;
				SDKROOT = macosx;
			};
			name = Release;
		};
		8464321B1DCBDE7F0099C9F1 /* Debug */ = {
			isa = XCBuildConfiguration;
			buildSettings = {
				PRODUCT_NAME = "$(TARGET_NAME)";
			};
			name = Debug;
		};
		8464321C1DCBDE7F0099C9F1 /* Release */ = {
			isa = XCBuildConfiguration;
			buildSettings = {
				PRODUCT_NAME = "$(TARGET_NAME)";
			};
			name = Release;
		};
/* End XCBuildConfiguration section */

/* Begin XCConfigurationList section */
		8464320E1DCBDE7F0099C9F1 /* Build configuration list for PBXProject "615 project" */ = {
			isa = XCConfigurationList;
			buildConfigurations = (
				846432181DCBDE7F0099C9F1 /* Debug */,
				846432191DCBDE7F0099C9F1 /* Release */,
			);
			defaultConfigurationIsVisible = 0;
			defaultConfigurationName = Release;
		};
		8464321A1DCBDE7F0099C9F1 /* Build configuration list for PBXNativeTarget "615 project" */ = {
			isa = XCConfigurationList;
			buildConfigurations = (
				8464321B1DCBDE7F0099C9F1 /* Debug */,
				8464321C1DCBDE7F0099C9F1 /* Release */,
			);
			defaultConfigurationIsVisible = 0;
			defaultConfigurationName = Release;
		};
/* End XCConfigurationList section */
	};
	rootObject = 8464320B1DCBDE7F0099C9F1 /* Project object */;
}
